
Microsoft Visual Studio Solution File, Format Version 12.00
# Visual Studio 15
VisualStudioVersion = 15.0.27428.2043
MinimumVisualStudioVersion = 10.0.40219.1
Project("{8BC9CEB8-8B4A-11D0-8D11-00A0C91BC942}") = "bubble_sort", "sort\bubble_sort\bubble_sort.vcxproj", "{0534D1F2-E4D7-47DA-8A7F-A37D124937B2}"
EndProject
Project("{8BC9CEB8-8B4A-11D0-8D11-00A0C91BC942}") = "insertion_sort", "sort\insertion_sort\insertion_sort.vcxproj", "{32F2E290-F42F-4E0E-B32C-62F258DD9ABF}"
EndProject
Global
	GlobalSection(SolutionConfigurationPlatforms) = preSolution
		Debug|x64 = Debug|x64
		Debug|x86 = Debug|x86
		Release|x64 = Release|x64
		Release|x86 = Release|x86
	EndGlobalSection
	GlobalSection(ProjectConfigurationPlatforms) = postSolution
		{0534D1F2-E4D7-47DA-8A7F-A37D124937B2}.Debug|x64.ActiveCfg = Debug|x64
		{0534D1F2-E4D7-47DA-8A7F-A37D124937B2}.Debug|x64.Build.0 = Debug|x64
		{0534D1F2-E4D7-47DA-8A7F-A37D124937B2}.Debug|x86.ActiveCfg = Debug|Win32
		{0534D1F2-E4D7-47DA-8A7F-A37D124937B2}.Debug|x86.Build.0 = Debug|Win32
		{0534D1F2-E4D7-47DA-8A7F-A37D124937B2}.Release|x64.ActiveCfg = Release|x64
		{0534D1F2-E4D7-47DA-8A7F-A37D124937B2}.Release|x64.Build.0 = Release|x64
		{0534D1F2-E4D7-47DA-8A7F-A37D124937B2}.Release|x86.ActiveCfg = Release|Win32
		{0534D1F2-E4D7-47DA-8A7F-A37D124937B2}.Release|x86.Build.0 = Release|Win32
		{32F2E290-F42F-4E0E-B32C-62F258DD9ABF}.Debug|x64.ActiveCfg = Debug|x64
		{32F2E290-F42F-4E0E-B32C-62F258DD9ABF}.Debug|x64.Build.0 = Debug|x64
		{32F2E290-F42F-4E0E-B32C-62F258DD9ABF}.Debug|x86.ActiveCfg = Debug|Win32
		{32F2E290-F42F-4E0E-B32C-62F258DD9ABF}.Debug|x86.Build.0 = Debug|Win32
		{32F2E290-F42F-4E0E-B32C-62F258DD9ABF}.Release|x64.ActiveCfg = Release|x64
		{32F2E290-F42F-4E0E-B32C-62F258DD9ABF}.Release|x64.Build.0 = Release|x64
		{32F2E290-F42F-4E0E-B32C-62F258DD9ABF}.Release|x86.ActiveCfg = Release|Win32
		{32F2E290-F42F-4E0E-B32C-62F258DD9ABF}.Release|x86.Build.0 = Release|Win32
	EndGlobalSection
	GlobalSection(SolutionProperties) = preSolution
		HideSolutionNode = FALSE
	EndGlobalSection
	GlobalSection(ExtensibilityGlobals) = postSolution
		SolutionGuid = {62B923EC-84F0-4BA5-BE6C-11E2C8D00060}
	EndGlobalSection
EndGlobal
